
Microsoft Visual Studio Solution File, Format Version 12.00
# Visual Studio Version 17
VisualStudioVersion = 17.6.33815.320
MinimumVisualStudioVersion = 10.0.40219.1
Project("{FAE04EC0-301F-11D3-BF4B-00C04F79EFBC}") = "ABSA_Test_task", "ABSA_Test_task.csproj", "{BB72F79D-C630-47EA-A23D-7CD0F2637A93}"
EndProject
Project("{FAE04EC0-301F-11D3-BF4B-00C04F79EFBC}") = "TeamAllocationTests", "..\TeamAllocationTests\TeamAllocationTests.csproj", "{104C97EC-4C30-47F6-B13C-995BBF5339EC}"
EndProject
Global
	GlobalSection(SolutionConfigurationPlatforms) = preSolution
		Debug|Any CPU = Debug|Any CPU
		Release|Any CPU = Release|Any CPU
	EndGlobalSection
	GlobalSection(ProjectConfigurationPlatforms) = postSolution
		{BB72F79D-C630-47EA-A23D-7CD0F2637A93}.Debug|Any CPU.ActiveCfg = Debug|Any CPU
		{BB72F79D-C630-47EA-A23D-7CD0F2637A93}.Debug|Any CPU.Build.0 = Debug|Any CPU
		{BB72F79D-C630-47EA-A23D-7CD0F2637A93}.Release|Any CPU.ActiveCfg = Release|Any CPU
		{BB72F79D-C630-47EA-A23D-7CD0F2637A93}.Release|Any CPU.Build.0 = Release|Any CPU
		{104C97EC-4C30-47F6-B13C-995BBF5339EC}.Debug|Any CPU.ActiveCfg = Debug|Any CPU
		{104C97EC-4C30-47F6-B13C-995BBF5339EC}.Debug|Any CPU.Build.0 = Debug|Any CPU
		{104C97EC-4C30-47F6-B13C-995BBF5339EC}.Release|Any CPU.ActiveCfg = Release|Any CPU
		{104C97EC-4C30-47F6-B13C-995BBF5339EC}.Release|Any CPU.Build.0 = Release|Any CPU
	EndGlobalSection
	GlobalSection(SolutionProperties) = preSolution
		HideSolutionNode = FALSE
	EndGlobalSection
	GlobalSection(ExtensibilityGlobals) = postSolution
		SolutionGuid = {7EB7F52A-1728-4015-AFA1-A20204617A7B}
	EndGlobalSection
EndGlobal
